github.com/tarm/serial v0.0.0-20180830175751-b334f1953d3d h1:5ASLNqXvXJME+nQjgN1h4MSdptxSLBXBoRmjxd0TJkI=
github.com/tarm/serial v0.0.0-20180830175751-b334f1953d3d/go.mod h1:kDXzergiv9cbyO7IOYJZWg1U88JhDg3PB6klq9Hg2pA=
golang.org/x/sys v0.0.0-20180828065106-d99a578cf41b h1:cmOZLU2i7CLArKNViO+ZCQ47wqYFyKEIpbGWp+b6Uoc=
golang.org/x/sys v0.0.0-20180828065106-d99a578cf41b/go.mod h1:STP8DvDyc/dI5b8T5hshtkjS+E42TnysNCUPdjciGhY=
