github.com/tarm/serial v0.0.0-20180114052751-eaafced92e96 h1:pLss0TM/G46eE2p8NIRYIlB12vrPvWXiqDoCKA52wwQ=
github.com/tarm/serial v0.0.0-20180114052751-eaafced92e96/go.mod h1:kDXzergiv9cbyO7IOYJZWg1U88JhDg3PB6klq9Hg2pA=
golang.org/x/sys v0.0.0-20180824143301-4910a1d54f87 h1:GqwDwfvIpC33dK9bA1fD+JiDUNsuAiQiEkpHqUKze4o=
golang.org/x/sys v0.0.0-20180824143301-4910a1d54f87/go.mod h1:STP8DvDyc/dI5b8T5hshtkjS+E42TnysNCUPdjciGhY=
